// !$*UTF8*$!
{
	archiveVersion = 1;
	classes = {
	};
	objectVersion = 55;
	objects = {

/* Begin PBXBuildFile section */
		BAA1A6E22A1527F6004659F0 /* Tests_iOS.swift in Sources */ = {isa = PBXBuildFile; fileRef = BAA1A6E12A1527F6004659F0 /* Tests_iOS.swift */; };
		BAA1A6E42A1527F6004659F0 /* Tests_iOSLaunchTests.swift in Sources */ = {isa = PBXBuildFile; fileRef = BAA1A6E32A1527F6004659F0 /* Tests_iOSLaunchTests.swift */; };
		BAA1A6EE2A1527F6004659F0 /* Tests_macOS.swift in Sources */ = {isa = PBXBuildFile; fileRef = BAA1A6ED2A1527F6004659F0 /* Tests_macOS.swift */; };
		BAA1A6F02A1527F6004659F0 /* Tests_macOSLaunchTests.swift in Sources */ = {isa = PBXBuildFile; fileRef = BAA1A6EF2A1527F6004659F0 /* Tests_macOSLaunchTests.swift */; };
		BAA1A6F12A1527F6004659F0 /* CarrilloColeccionDeJuegos.xcdatamodeld in Sources */ = {isa = PBXBuildFile; fileRef = BAA1A6C62A1527F6004659F0 /* CarrilloColeccionDeJuegos.xcdatamodeld */; };
		BAA1A6F22A1527F6004659F0 /* CarrilloColeccionDeJuegos.xcdatamodeld in Sources */ = {isa = PBXBuildFile; fileRef = BAA1A6C62A1527F6004659F0 /* CarrilloColeccionDeJuegos.xcdatamodeld */; };
		BAA1A6F32A1527F6004659F0 /* CarrilloColeccionDeJuegosApp.swift in Sources */ = {isa = PBXBuildFile; fileRef = BAA1A6C82A1527F6004659F0 /* CarrilloColeccionDeJuegosApp.swift */; };
		BAA1A6F42A1527F6004659F0 /* CarrilloColeccionDeJuegosApp.swift in Sources */ = {isa = PBXBuildFile; fileRef = BAA1A6C82A1527F6004659F0 /* CarrilloColeccionDeJuegosApp.swift */; };
		BAA1A6F52A1527F6004659F0 /* ContentView.swift in Sources */ = {isa = PBXBuildFile; fileRef = BAA1A6C92A1527F6004659F0 /* ContentView.swift */; };
		BAA1A6F62A1527F6004659F0 /* ContentView.swift in Sources */ = {isa = PBXBuildFile; fileRef = BAA1A6C92A1527F6004659F0 /* ContentView.swift */; };
		BAA1A6F72A1527F6004659F0 /* Persistence.swift in Sources */ = {isa = PBXBuildFile; fileRef = BAA1A6CA2A1527F6004659F0 /* Persistence.swift */; };
		BAA1A6F82A1527F6004659F0 /* Persistence.swift in Sources */ = {isa = PBXBuildFile; fileRef = BAA1A6CA2A1527F6004659F0 /* Persistence.swift */; };
		BAA1A6F92A1527F6004659F0 /* Assets.xcassets in Resources */ = {isa = PBXBuildFile; fileRef = BAA1A6CB2A1527F6004659F0 /* Assets.xcassets */; };
		BAA1A6FA2A1527F6004659F0 /* Assets.xcassets in Resources */ = {isa = PBXBuildFile; fileRef = BAA1A6CB2A1527F6004659F0 /* Assets.xcassets */; };
/* End PBXBuildFile section */

/* Begin PBXContainerItemProxy section */
		BAA1A6DE2A1527F6004659F0 /* PBXContainerItemProxy */ = {
			isa = PBXContainerItemProxy;
			containerPortal = BAA1A6C12A1527F6004659F0 /* Project object */;
			proxyType = 1;
			remoteGlobalIDString = BAA1A6CF2A1527F6004659F0;
			remoteInfo = "CarrilloColeccionDeJuegos (iOS)";
		};
		BAA1A6EA2A1527F6004659F0 /* PBXContainerItemProxy */ = {
			isa = PBXContainerItemProxy;
			containerPortal = BAA1A6C12A1527F6004659F0 /* Project object */;
			proxyType = 1;
			remoteGlobalIDString = BAA1A6D52A1527F6004659F0;
			remoteInfo = "CarrilloColeccionDeJuegos (macOS)";
		};
/* End PBXContainerItemProxy section */

/* Begin PBXFileReference section */
		BAA1A6C72A1527F6004659F0 /* Shared.xcdatamodel */ = {isa = PBXFileReference; lastKnownFileType = wrapper.xcdatamodel; path = Shared.xcdatamodel; sourceTree = "<group>"; };
		BAA1A6C82A1527F6004659F0 /* CarrilloColeccionDeJuegosApp.swift */ = {isa = PBXFileReference; lastKnownFileType = sourcecode.swift; path = CarrilloColeccionDeJuegosApp.swift; sourceTree = "<group>"; };
		BAA1A6C92A1527F6004659F0 /* ContentView.swift */ = {isa = PBXFileReference; lastKnownFileType = sourcecode.swift; path = ContentView.swift; sourceTree = "<group>"; };
		BAA1A6CA2A1527F6004659F0 /* Persistence.swift */ = {isa = PBXFileReference; lastKnownFileType = sourcecode.swift; path = Persistence.swift; sourceTree = "<group>"; };
		BAA1A6CB2A1527F6004659F0 /* Assets.xcassets */ = {isa = PBXFileReference; lastKnownFileType = folder.assetcatalog; path = Assets.xcassets; sourceTree = "<group>"; };
		BAA1A6D02A1527F6004659F0 /* CarrilloColeccionDeJuegos.app */ = {isa = PBXFileReference; explicitFileType = wrapper.application; includeInIndex = 0; path = CarrilloColeccionDeJuegos.app; sourceTree = BUILT_PRODUCTS_DIR; };
		BAA1A6D62A1527F6004659F0 /* CarrilloColeccionDeJuegos.app */ = {isa = PBXFileReference; explicitFileType = wrapper.application; includeInIndex = 0; path = CarrilloColeccionDeJuegos.app; sourceTree = BUILT_PRODUCTS_DIR; };
		BAA1A6D82A1527F6004659F0 /* macOS.entitlements */ = {isa = PBXFileReference; lastKnownFileType = text.plist.entitlements; path = macOS.entitlements; sourceTree = "<group>"; };
		BAA1A6DD2A1527F6004659F0 /* Tests iOS.xctest */ = {isa = PBXFileReference; explicitFileType = wrapper.cfbundle; includeInIndex = 0; path = "Tests iOS.xctest"; sourceTree = BUILT_PRODUCTS_DIR; };
		BAA1A6E12A1527F6004659F0 /* Tests_iOS.swift */ = {isa = PBXFileReference; lastKnownFileType = sourcecode.swift; path = Tests_iOS.swift; sourceTree = "<group>"; };
		BAA1A6E32A1527F6004659F0 /* Tests_iOSLaunchTests.swift */ = {isa = PBXFileReference; lastKnownFileType = sourcecode.swift; path = Tests_iOSLaunchTests.swift; sourceTree = "<group>"; };
		BAA1A6E92A1527F6004659F0 /* Tests macOS.xctest */ = {isa = PBXFileReference; explicitFileType = wrapper.cfbundle; includeInIndex = 0; path = "Tests macOS.xctest"; sourceTree = BUILT_PRODUCTS_DIR; };
		BAA1A6ED2A1527F6004659F0 /* Tests_macOS.swift */ = {isa = PBXFileReference; lastKnownFileType = sourcecode.swift; path = Tests_macOS.swift; sourceTree = "<group>"; };
		BAA1A6EF2A1527F6004659F0 /* Tests_macOSLaunchTests.swift */ = {isa = PBXFileReference; lastKnownFileType = sourcecode.swift; path = Tests_macOSLaunchTests.swift; sourceTree = "<group>"; };
/* End PBXFileReference section */

/* Begin PBXFrameworksBuildPhase section */
		BAA1A6CD2A1527F6004659F0 /* Frameworks */ = {
			isa = PBXFrameworksBuildPhase;
			buildActionMask = 2147483647;
			files = (
			);
			runOnlyForDeploymentPostprocessing = 0;
		};
		BAA1A6D32A1527F6004659F0 /* Frameworks */ = {
			isa = PBXFrameworksBuildPhase;
			buildActionMask = 2147483647;
			files = (
			);
			runOnlyForDeploymentPostprocessing = 0;
		};
		BAA1A6DA2A1527F6004659F0 /* Frameworks */ = {
			isa = PBXFrameworksBuildPhase;
			buildActionMask = 2147483647;
			files = (
			);
			runOnlyForDeploymentPostprocessing = 0;
		};
		BAA1A6E62A1527F6004659F0 /* Frameworks */ = {
			isa = PBXFrameworksBuildPhase;
			buildActionMask = 2147483647;
			files = (
			);
			runOnlyForDeploymentPostprocessing = 0;
		};
/* End PBXFrameworksBuildPhase section */

/* Begin PBXGroup section */
		BAA1A6C02A1527F6004659F0 = {
			isa = PBXGroup;
			children = (
				BAA1A6C52A1527F6004659F0 /* Shared */,
				BAA1A6D72A1527F6004659F0 /* macOS */,
				BAA1A6E02A1527F6004659F0 /* Tests iOS */,
				BAA1A6EC2A1527F6004659F0 /* Tests macOS */,
				BAA1A6D12A1527F6004659F0 /* Products */,
			);
			sourceTree = "<group>";
		};
		BAA1A6C52A1527F6004659F0 /* Shared */ = {
			isa = PBXGroup;
			children = (
				BAA1A6C82A1527F6004659F0 /* CarrilloColeccionDeJuegosApp.swift */,
				BAA1A6C92A1527F6004659F0 /* ContentView.swift */,
				BAA1A6CA2A1527F6004659F0 /* Persistence.swift */,
				BAA1A6CB2A1527F6004659F0 /* Assets.xcassets */,
				BAA1A6C62A1527F6004659F0 /* CarrilloColeccionDeJuegos.xcdatamodeld */,
			);
			path = Shared;
			sourceTree = "<group>";
		};
		BAA1A6D12A1527F6004659F0 /* Products */ = {
			isa = PBXGroup;
			children = (
				BAA1A6D02A1527F6004659F0 /* CarrilloColeccionDeJuegos.app */,
				BAA1A6D62A1527F6004659F0 /* CarrilloColeccionDeJuegos.app */,
				BAA1A6DD2A1527F6004659F0 /* Tests iOS.xctest */,
				BAA1A6E92A1527F6004659F0 /* Tests macOS.xctest */,
			);
			name = Products;
			sourceTree = "<group>";
		};
		BAA1A6D72A1527F6004659F0 /* macOS */ = {
			isa = PBXGroup;
			children = (
				BAA1A6D82A1527F6004659F0 /* macOS.entitlements */,
			);
			path = macOS;
			sourceTree = "<group>";
		};
		BAA1A6E02A1527F6004659F0 /* Tests iOS */ = {
			isa = PBXGroup;
			children = (
				BAA1A6E12A1527F6004659F0 /* Tests_iOS.swift */,
				BAA1A6E32A1527F6004659F0 /* Tests_iOSLaunchTests.swift */,
			);
			path = "Tests iOS";
			sourceTree = "<group>";
		};
		BAA1A6EC2A1527F6004659F0 /* Tests macOS */ = {
			isa = PBXGroup;
			children = (
				BAA1A6ED2A1527F6004659F0 /* Tests_macOS.swift */,
				BAA1A6EF2A1527F6004659F0 /* Tests_macOSLaunchTests.swift */,
			);
			path = "Tests macOS";
			sourceTree = "<group>";
		};
/* End PBXGroup section */

/* Begin PBXNativeTarget section */
		BAA1A6CF2A1527F6004659F0 /* CarrilloColeccionDeJuegos (iOS) */ = {
			isa = PBXNativeTarget;
			buildConfigurationList = BAA1A6FD2A1527F6004659F0 /* Build configuration list for PBXNativeTarget "CarrilloColeccionDeJuegos (iOS)" */;
			buildPhases = (
				BAA1A6CC2A1527F6004659F0 /* Sources */,
				BAA1A6CD2A1527F6004659F0 /* Frameworks */,
				BAA1A6CE2A1527F6004659F0 /* Resources */,
			);
			buildRules = (
			);
			dependencies = (
			);
			name = "CarrilloColeccionDeJuegos (iOS)";
			productName = "CarrilloColeccionDeJuegos (iOS)";
			productReference = BAA1A6D02A1527F6004659F0 /* CarrilloColeccionDeJuegos.app */;
			productType = "com.apple.product-type.application";
		};
		BAA1A6D52A1527F6004659F0 /* CarrilloColeccionDeJuegos (macOS) */ = {
			isa = PBXNativeTarget;
			buildConfigurationList = BAA1A7002A1527F6004659F0 /* Build configuration list for PBXNativeTarget "CarrilloColeccionDeJuegos (macOS)" */;
			buildPhases = (
				BAA1A6D22A1527F6004659F0 /* Sources */,
				BAA1A6D32A1527F6004659F0 /* Frameworks */,
				BAA1A6D42A1527F6004659F0 /* Resources */,
			);
			buildRules = (
			);
			dependencies = (
			);
			name = "CarrilloColeccionDeJuegos (macOS)";
			productName = "CarrilloColeccionDeJuegos (macOS)";
			productReference = BAA1A6D62A1527F6004659F0 /* CarrilloColeccionDeJuegos.app */;
			productType = "com.apple.product-type.application";
		};
		BAA1A6DC2A1527F6004659F0 /* Tests iOS */ = {
			isa = PBXNativeTarget;
			buildConfigurationList = BAA1A7032A1527F6004659F0 /* Build configuration list for PBXNativeTarget "Tests iOS" */;
			buildPhases = (
				BAA1A6D92A1527F6004659F0 /* Sources */,
				BAA1A6DA2A1527F6004659F0 /* Frameworks */,
				BAA1A6DB2A1527F6004659F0 /* Resources */,
			);
			buildRules = (
			);
			dependencies = (
				BAA1A6DF2A1527F6004659F0 /* PBXTargetDependency */,
			);
			name = "Tests iOS";
			productName = "Tests iOS";
			productReference = BAA1A6DD2A1527F6004659F0 /* Tests iOS.xctest */;
			productType = "com.apple.product-type.bundle.ui-testing";
		};
		BAA1A6E82A1527F6004659F0 /* Tests macOS */ = {
			isa = PBXNativeTarget;
			buildConfigurationList = BAA1A7062A1527F6004659F0 /* Build configuration list for PBXNativeTarget "Tests macOS" */;
			buildPhases = (
				BAA1A6E52A1527F6004659F0 /* Sources */,
				BAA1A6E62A1527F6004659F0 /* Frameworks */,
				BAA1A6E72A1527F6004659F0 /* Resources */,
			);
			buildRules = (
			);
			dependencies = (
				BAA1A6EB2A1527F6004659F0 /* PBXTargetDependency */,
			);
			name = "Tests macOS";
			productName = "Tests macOS";
			productReference = BAA1A6E92A1527F6004659F0 /* Tests macOS.xctest */;
			productType = "com.apple.product-type.bundle.ui-testing";
		};
/* End PBXNativeTarget section */

/* Begin PBXProject section */
		BAA1A6C12A1527F6004659F0 /* Project object */ = {
			isa = PBXProject;
			attributes = {
				BuildIndependentTargetsInParallel = 1;
				LastSwiftUpdateCheck = 1340;
				LastUpgradeCheck = 1340;
				TargetAttributes = {
					BAA1A6CF2A1527F6004659F0 = {
						CreatedOnToolsVersion = 13.4.1;
					};
					BAA1A6D52A1527F6004659F0 = {
						CreatedOnToolsVersion = 13.4.1;
					};
					BAA1A6DC2A1527F6004659F0 = {
						CreatedOnToolsVersion = 13.4.1;
						TestTargetID = BAA1A6CF2A1527F6004659F0;
					};
					BAA1A6E82A1527F6004659F0 = {
						CreatedOnToolsVersion = 13.4.1;
						TestTargetID = BAA1A6D52A1527F6004659F0;
					};
				};
			};
			buildConfigurationList = BAA1A6C42A1527F6004659F0 /* Build configuration list for PBXProject "CarrilloColeccionDeJuegos" */;
			compatibilityVersion = "Xcode 13.0";
			developmentRegion = en;
			hasScannedForEncodings = 0;
			knownRegions = (
				en,
				Base,
			);
			mainGroup = BAA1A6C02A1527F6004659F0;
			productRefGroup = BAA1A6D12A1527F6004659F0 /* Products */;
			projectDirPath = "";
			projectRoot = "";
			targets = (
				BAA1A6CF2A1527F6004659F0 /* CarrilloColeccionDeJuegos (iOS) */,
				BAA1A6D52A1527F6004659F0 /* CarrilloColeccionDeJuegos (macOS) */,
				BAA1A6DC2A1527F6004659F0 /* Tests iOS */,
				BAA1A6E82A1527F6004659F0 /* Tests macOS */,
			);
		};
/* End PBXProject section */

/* Begin PBXResourcesBuildPhase section */
		BAA1A6CE2A1527F6004659F0 /* Resources */ = {
			isa = PBXResourcesBuildPhase;
			buildActionMask = 2147483647;
			files = (
				BAA1A6F92A1527F6004659F0 /* Assets.xcassets in Resources */,
			);
			runOnlyForDeploymentPostprocessing = 0;
		};
		BAA1A6D42A1527F6004659F0 /* Resources */ = {
			isa = PBXResourcesBuildPhase;
			buildActionMask = 2147483647;
			files = (
				BAA1A6FA2A1527F6004659F0 /* Assets.xcassets in Resources */,
			);
			runOnlyForDeploymentPostprocessing = 0;
		};
		BAA1A6DB2A1527F6004659F0 /* Resources */ = {
			isa = PBXResourcesBuildPhase;
			buildActionMask = 2147483647;
			files = (
			);
			runOnlyForDeploymentPostprocessing = 0;
		};
		BAA1A6E72A1527F6004659F0 /* Resources */ = {
			isa = PBXResourcesBuildPhase;
			buildActionMask = 2147483647;
			files = (
			);
			runOnlyForDeploymentPostprocessing = 0;
		};
/* End PBXResourcesBuildPhase section */

/* Begin PBXSourcesBuildPhase section */
		BAA1A6CC2A1527F6004659F0 /* Sources */ = {
			isa = PBXSourcesBuildPhase;
			buildActionMask = 2147483647;
			files = (
				BAA1A6F12A1527F6004659F0 /* CarrilloColeccionDeJuegos.xcdatamodeld in Sources */,
				BAA1A6F72A1527F6004659F0 /* Persistence.swift in Sources */,
				BAA1A6F32A1527F6004659F0 /* CarrilloColeccionDeJuegosApp.swift in Sources */,
				BAA1A6F52A1527F6004659F0 /* ContentView.swift in Sources */,
			);
			runOnlyForDeploymentPostprocessing = 0;
		};
		BAA1A6D22A1527F6004659F0 /* Sources */ = {
			isa = PBXSourcesBuildPhase;
			buildActionMask = 2147483647;
			files = (
				BAA1A6F22A1527F6004659F0 /* CarrilloColeccionDeJuegos.xcdatamodeld in Sources */,
				BAA1A6F82A1527F6004659F0 /* Persistence.swift in Sources */,
				BAA1A6F42A1527F6004659F0 /* CarrilloColeccionDeJuegosApp.swift in Sources */,
				BAA1A6F62A1527F6004659F0 /* ContentView.swift in Sources */,
			);
			runOnlyForDeploymentPostprocessing = 0;
		};
		BAA1A6D92A1527F6004659F0 /* Sources */ = {
			isa = PBXSourcesBuildPhase;
			buildActionMask = 2147483647;
			files = (
				BAA1A6E42A1527F6004659F0 /* Tests_iOSLaunchTests.swift in Sources */,
				BAA1A6E22A1527F6004659F0 /* Tests_iOS.swift in Sources */,
			);
			runOnlyForDeploymentPostprocessing = 0;
		};
		BAA1A6E52A1527F6004659F0 /* Sources */ = {
			isa = PBXSourcesBuildPhase;
			buildActionMask = 2147483647;
			files = (
				BAA1A6F02A1527F6004659F0 /* Tests_macOSLaunchTests.swift in Sources */,
				BAA1A6EE2A1527F6004659F0 /* Tests_macOS.swift in Sources */,
			);
			runOnlyForDeploymentPostprocessing = 0;
		};
/* End PBXSourcesBuildPhase section */

/* Begin PBXTargetDependency section */
		BAA1A6DF2A1527F6004659F0 /* PBXTargetDependency */ = {
			isa = PBXTargetDependency;
			target = BAA1A6CF2A1527F6004659F0 /* CarrilloColeccionDeJuegos (iOS) */;
			targetProxy = BAA1A6DE2A1527F6004659F0 /* PBXContainerItemProxy */;
		};
		BAA1A6EB2A1527F6004659F0 /* PBXTargetDependency */ = {
			isa = PBXTargetDependency;
			target = BAA1A6D52A1527F6004659F0 /* CarrilloColeccionDeJuegos (macOS) */;
			targetProxy = BAA1A6EA2A1527F6004659F0 /* PBXContainerItemProxy */;
		};
/* End PBXTargetDependency section */

/* Begin XCBuildConfiguration section */
		BAA1A6FB2A1527F6004659F0 /* Debug */ = {
			isa = XCBuildConfiguration;
			buildSettings = {
				ALWAYS_SEARCH_USER_PATHS = NO;
				CLANG_ANALYZER_NONNULL = YES;
				CLANG_ANALYZER_NUMBER_OBJECT_CONVERSION = YES_AGGRESSIVE;
				CLANG_CXX_LANGUAGE_STANDARD = "gnu++17";
				CLANG_ENABLE_MODULES = YES;
				CLANG_ENABLE_OBJC_ARC = YES;
				CLANG_ENABLE_OBJC_WEAK = YES;
				CLANG_WARN_BLOCK_CAPTURE_AUTORELEASING = YES;
				CLANG_WARN_BOOL_CONVERSION = YES;
				CLANG_WARN_COMMA = YES;
				CLANG_WARN_CONSTANT_CONVERSION = YES;
				CLANG_WARN_DEPRECATED_OBJC_IMPLEMENTATIONS = YES;
				CLANG_WARN_DIRECT_OBJC_ISA_USAGE = YES_ERROR;
				CLANG_WARN_DOCUMENTATION_COMMENTS = YES;
				CLANG_WARN_EMPTY_BODY = YES;
				CLANG_WARN_ENUM_CONVERSION = YES;
				CLANG_WARN_INFINITE_RECURSION = YES;
				CLANG_WARN_INT_CONVERSION = YES;
				CLANG_WARN_NON_LITERAL_NULL_CONVERSION = YES;
				CLANG_WARN_OBJC_IMPLICIT_RETAIN_SELF = YES;
				CLANG_WARN_OBJC_LITERAL_CONVERSION = YES;
				CLANG_WARN_OBJC_ROOT_CLASS = YES_ERROR;
				CLANG_WARN_QUOTED_INCLUDE_IN_FRAMEWORK_HEADER = YES;
				CLANG_WARN_RANGE_LOOP_ANALYSIS = YES;
				CLANG_WARN_STRICT_PROTOTYPES = YES;
				CLANG_WARN_SUSPICIOUS_MOVE = YES;
				CLANG_WARN_UNGUARDED_AVAILABILITY = YES_AGGRESSIVE;
				CLANG_WARN_UNREACHABLE_CODE = YES;
				CLANG_WARN__DUPLICATE_METHOD_MATCH = YES;
				COPY_PHASE_STRIP = NO;
				DEBUG_INFORMATION_FORMAT = dwarf;
				ENABLE_STRICT_OBJC_MSGSEND = YES;
				ENABLE_TESTABILITY = YES;
				GCC_C_LANGUAGE_STANDARD = gnu11;
				GCC_DYNAMIC_NO_PIC = NO;
				GCC_NO_COMMON_BLOCKS = YES;
				GCC_OPTIMIZATION_LEVEL = 0;
				GCC_PREPROCESSOR_DEFINITIONS = (
					"DEBUG=1",
					"$(inherited)",
				);
				GCC_WARN_64_TO_32_BIT_CONVERSION = YES;
				GCC_WARN_ABOUT_RETURN_TYPE = YES_ERROR;
				GCC_WARN_UNDECLARED_SELECTOR = YES;
				GCC_WARN_UNINITIALIZED_AUTOS = YES_AGGRESSIVE;
				GCC_WARN_UNUSED_FUNCTION = YES;
				GCC_WARN_UNUSED_VARIABLE = YES;
				MTL_ENABLE_DEBUG_INFO = INCLUDE_SOURCE;
				MTL_FAST_MATH = YES;
				ONLY_ACTIVE_ARCH = YES;
				SWIFT_ACTIVE_COMPILATION_CONDITIONS = DEBUG;
				SWIFT_OPTIMIZATION_LEVEL = "-Onone";
			};
			name = Debug;
		};
		BAA1A6FC2A1527F6004659F0 /* Release */ = {
			isa = XCBuildConfiguration;
			buildSettings = {
				ALWAYS_SEARCH_USER_PATHS = NO;
				CLANG_ANALYZER_NONNULL = YES;
				CLANG_ANALYZER_NUMBER_OBJECT_CONVERSION = YES_AGGRESSIVE;
				CLANG_CXX_LANGUAGE_STANDARD = "gnu++17";
				CLANG_ENABLE_MODULES = YES;
				CLANG_ENABLE_OBJC_ARC = YES;
				CLANG_ENABLE_OBJC_WEAK = YES;
				CLANG_WARN_BLOCK_CAPTURE_AUTORELEASING = YES;
				CLANG_WARN_BOOL_CONVERSION = YES;
				CLANG_WARN_COMMA = YES;
				CLANG_WARN_CONSTANT_CONVERSION = YES;
				CLANG_WARN_DEPRECATED_OBJC_IMPLEMENTATIONS = YES;
				CLANG_WARN_DIRECT_OBJC_ISA_USAGE = YES_ERROR;
				CLANG_WARN_DOCUMENTATION_COMMENTS = YES;
				CLANG_WARN_EMPTY_BODY = YES;
				CLANG_WARN_ENUM_CONVERSION = YES;
				CLANG_WARN_INFINITE_RECURSION = YES;
				CLANG_WARN_INT_CONVERSION = YES;
				CLANG_WARN_NON_LITERAL_NULL_CONVERSION = YES;
				CLANG_WARN_OBJC_IMPLICIT_RETAIN_SELF = YES;
				CLANG_WARN_OBJC_LITERAL_CONVERSION = YES;
				CLANG_WARN_OBJC_ROOT_CLASS = YES_ERROR;
				CLANG_WARN_QUOTED_INCLUDE_IN_FRAMEWORK_HEADER = YES;
				CLANG_WARN_RANGE_LOOP_ANALYSIS = YES;
				CLANG_WARN_STRICT_PROTOTYPES = YES;
				CLANG_WARN_SUSPICIOUS_MOVE = YES;
				CLANG_WARN_UNGUARDED_AVAILABILITY = YES_AGGRESSIVE;
				CLANG_WARN_UNREACHABLE_CODE = YES;
				CLANG_WARN__DUPLICATE_METHOD_MATCH = YES;
				COPY_PHASE_STRIP = NO;
				DEBUG_INFORMATION_FORMAT = "dwarf-with-dsym";
				ENABLE_NS_ASSERTIONS = NO;
				ENABLE_STRICT_OBJC_MSGSEND = YES;
				GCC_C_LANGUAGE_STANDARD = gnu11;
				GCC_NO_COMMON_BLOCKS = YES;
				GCC_WARN_64_TO_32_BIT_CONVERSION = YES;
				GCC_WARN_ABOUT_RETURN_TYPE = YES_ERROR;
				GCC_WARN_UNDECLARED_SELECTOR = YES;
				GCC_WARN_UNINITIALIZED_AUTOS = YES_AGGRESSIVE;
				GCC_WARN_UNUSED_FUNCTION = YES;
				GCC_WARN_UNUSED_VARIABLE = YES;
				MTL_ENABLE_DEBUG_INFO = NO;
				MTL_FAST_MATH = YES;
				SWIFT_COMPILATION_MODE = wholemodule;
				SWIFT_OPTIMIZATION_LEVEL = "-O";
			};
			name = Release;
		};
		BAA1A6FE2A1527F6004659F0 /* Debug */ = {
			isa = XCBuildConfiguration;
			buildSettings = {
				ASSETCATALOG_COMPILER_APPICON_NAME = AppIcon;
				ASSETCATALOG_COMPILER_GLOBAL_ACCENT_COLOR_NAME = AccentColor;
				CODE_SIGN_STYLE = Automatic;
				CURRENT_PROJECT_VERSION = 1;
				ENABLE_PREVIEWS = YES;
				GENERATE_INFOPLIST_FILE = YES;
				INFOPLIST_KEY_UIApplicationSceneManifest_Generation = YES;
				INFOPLIST_KEY_UIApplicationSupportsIndirectInputEvents = YES;
				INFOPLIST_KEY_UILaunchScreen_Generation = YES;
				INFOPLIST_KEY_UISupportedInterfaceOrientations_iPad = "UIInterfaceOrientationPortrait UIInterfaceOrientationPortraitUpsideDown UIInterfaceOrientationLandscapeLeft UIInterfaceOrientationLandscapeRight";
				INFOPLIST_KEY_UISupportedInterfaceOrientations_iPhone = "UIInterfaceOrientationPortrait UIInterfaceOrientationLandscapeLeft UIInterfaceOrientationLandscapeRight";
				IPHONEOS_DEPLOYMENT_TARGET = 15.5;
				LD_RUNPATH_SEARCH_PATHS = (
					"$(inherited)",
					"@executable_path/Frameworks",
				);
				MARKETING_VERSION = 1.0;
				PRODUCT_BUNDLE_IDENTIFIER = deah.com.CarrilloColeccionDeJuegos;
				PRODUCT_NAME = CarrilloColeccionDeJuegos;
				SDKROOT = iphoneos;
				SWIFT_EMIT_LOC_STRINGS = YES;
				SWIFT_VERSION = 5.0;
				TARGETED_DEVICE_FAMILY = "1,2";
			};
			name = Debug;
		};
		BAA1A6FF2A1527F6004659F0 /* Release */ = {
			isa = XCBuildConfiguration;
			buildSettings = {
				ASSETCATALOG_COMPILER_APPICON_NAME = AppIcon;
				ASSETCATALOG_COMPILER_GLOBAL_ACCENT_COLOR_NAME = AccentColor;
				CODE_SIGN_STYLE = Automatic;
				CURRENT_PROJECT_VERSION = 1;
				ENABLE_PREVIEWS = YES;
				GENERATE_INFOPLIST_FILE = YES;
				INFOPLIST_KEY_UIApplicationSceneManifest_Generation = YES;
				INFOPLIST_KEY_UIApplicationSupportsIndirectInputEvents = YES;
				INFOPLIST_KEY_UILaunchScreen_Generation = YES;
				INFOPLIST_KEY_UISupportedInterfaceOrientations_iPad = "UIInterfaceOrientationPortrait UIInterfaceOrientationPortraitUpsideDown UIInterfaceOrientationLandscapeLeft UIInterfaceOrientationLandscapeRight";
				INFOPLIST_KEY_UISupportedInterfaceOrientations_iPhone = "UIInterfaceOrientationPortrait UIInterfaceOrientationLandscapeLeft UIInterfaceOrientationLandscapeRight";
				IPHONEOS_DEPLOYMENT_TARGET = 15.5;
				LD_RUNPATH_SEARCH_PATHS = (
					"$(inherited)",
					"@executable_path/Frameworks",
				);
				MARKETING_VERSION = 1.0;
				PRODUCT_BUNDLE_IDENTIFIER = deah.com.CarrilloColeccionDeJuegos;
				PRODUCT_NAME = CarrilloColeccionDeJuegos;
				SDKROOT = iphoneos;
				SWIFT_EMIT_LOC_STRINGS = YES;
				SWIFT_VERSION = 5.0;
				TARGETED_DEVICE_FAMILY = "1,2";
				VALIDATE_PRODUCT = YES;
			};
			name = Release;
		};
		BAA1A7012A1527F6004659F0 /* Debug */ = {
			isa = XCBuildConfiguration;
			buildSettings = {
				ASSETCATALOG_COMPILER_APPICON_NAME = AppIcon;
				ASSETCATALOG_COMPILER_GLOBAL_ACCENT_COLOR_NAME = AccentColor;
				CODE_SIGN_ENTITLEMENTS = macOS/macOS.entitlements;
				CODE_SIGN_STYLE = Automatic;
				COMBINE_HIDPI_IMAGES = YES;
				CURRENT_PROJECT_VERSION = 1;
				ENABLE_PREVIEWS = YES;
				GENERATE_INFOPLIST_FILE = YES;
				INFOPLIST_KEY_NSHumanReadableCopyright = "";
				LD_RUNPATH_SEARCH_PATHS = (
					"$(inherited)",
					"@executable_path/../Frameworks",
				);
				MACOSX_DEPLOYMENT_TARGET = 12.3;
				MARKETING_VERSION = 1.0;
				PRODUCT_BUNDLE_IDENTIFIER = deah.com.CarrilloColeccionDeJuegos;
				PRODUCT_NAME = CarrilloColeccionDeJuegos;
				SDKROOT = macosx;
				SWIFT_EMIT_LOC_STRINGS = YES;
				SWIFT_VERSION = 5.0;
			};
			name = Debug;
		};
		BAA1A7022A1527F6004659F0 /* Release */ = {
			isa = XCBuildConfiguration;
			buildSettings = {
				ASSETCATALOG_COMPILER_APPICON_NAME = AppIcon;
				ASSETCATALOG_COMPILER_GLOBAL_ACCENT_COLOR_NAME = AccentColor;
				CODE_SIGN_ENTITLEMENTS = macOS/macOS.entitlements;
				CODE_SIGN_STYLE = Automatic;
				COMBINE_HIDPI_IMAGES = YES;
				CURRENT_PROJECT_VERSION = 1;
				ENABLE_PREVIEWS = YES;
				GENERATE_INFOPLIST_FILE = YES;
				INFOPLIST_KEY_NSHumanReadableCopyright = "";
				LD_RUNPATH_SEARCH_PATHS = (
					"$(inherited)",
					"@executable_path/../Frameworks",
				);
				MACOSX_DEPLOYMENT_TARGET = 12.3;
				MARKETING_VERSION = 1.0;
				PRODUCT_BUNDLE_IDENTIFIER = deah.com.CarrilloColeccionDeJuegos;
				PRODUCT_NAME = CarrilloColeccionDeJuegos;
				SDKROOT = macosx;
				SWIFT_EMIT_LOC_STRINGS = YES;
				SWIFT_VERSION = 5.0;
			};
			name = Release;
		};
		BAA1A7042A1527F6004659F0 /* Debug */ = {
			isa = XCBuildConfiguration;
			buildSettings = {
				ALWAYS_EMBED_SWIFT_STANDARD_LIBRARIES = YES;
				CODE_SIGN_STYLE = Automatic;
				CURRENT_PROJECT_VERSION = 1;
				GENERATE_INFOPLIST_FILE = YES;
				IPHONEOS_DEPLOYMENT_TARGET = 15.5;
				MARKETING_VERSION = 1.0;
				PRODUCT_BUNDLE_IDENTIFIER = "deah.com.Tests-iOS";
				PRODUCT_NAME = "$(TARGET_NAME)";
				SDKROOT = iphoneos;
				SWIFT_EMIT_LOC_STRINGS = NO;
				SWIFT_VERSION = 5.0;
				TARGETED_DEVICE_FAMILY = "1,2";
				TEST_TARGET_NAME = "CarrilloColeccionDeJuegos (iOS)";
			};
			name = Debug;
		};
		BAA1A7052A1527F6004659F0 /* Release */ = {
			isa = XCBuildConfiguration;
			buildSettings = {
				ALWAYS_EMBED_SWIFT_STANDARD_LIBRARIES = YES;
				CODE_SIGN_STYLE = Automatic;
				CURRENT_PROJECT_VERSION = 1;
				GENERATE_INFOPLIST_FILE = YES;
				IPHONEOS_DEPLOYMENT_TARGET = 15.5;
				MARKETING_VERSION = 1.0;
				PRODUCT_BUNDLE_IDENTIFIER = "deah.com.Tests-iOS";
				PRODUCT_NAME = "$(TARGET_NAME)";
				SDKROOT = iphoneos;
				SWIFT_EMIT_LOC_STRINGS = NO;
				SWIFT_VERSION = 5.0;
				TARGETED_DEVICE_FAMILY = "1,2";
				TEST_TARGET_NAME = "CarrilloColeccionDeJuegos (iOS)";
				VALIDATE_PRODUCT = YES;
			};
			name = Release;
		};
		BAA1A7072A1527F6004659F0 /* Debug */ = {
			isa = XCBuildConfiguration;
			buildSettings = {
				ALWAYS_EMBED_SWIFT_STANDARD_LIBRARIES = YES;
				CODE_SIGN_STYLE = Automatic;
				CURRENT_PROJECT_VERSION = 1;
				GENERATE_INFOPLIST_FILE = YES;
				MACOSX_DEPLOYMENT_TARGET = 12.3;
				MARKETING_VERSION = 1.0;
				PRODUCT_BUNDLE_IDENTIFIER = "deah.com.Tests-macOS";
				PRODUCT_NAME = "$(TARGET_NAME)";
				SDKROOT = macosx;
				SWIFT_EMIT_LOC_STRINGS = NO;
				SWIFT_VERSION = 5.0;
				TEST_TARGET_NAME = "CarrilloColeccionDeJuegos (macOS)";
			};
			name = Debug;
		};
		BAA1A7082A1527F6004659F0 /* Release */ = {
			isa = XCBuildConfiguration;
			buildSettings = {
				ALWAYS_EMBED_SWIFT_STANDARD_LIBRARIES = YES;
				CODE_SIGN_STYLE = Automatic;
				CURRENT_PROJECT_VERSION = 1;
				GENERATE_INFOPLIST_FILE = YES;
				MACOSX_DEPLOYMENT_TARGET = 12.3;
				MARKETING_VERSION = 1.0;
				PRODUCT_BUNDLE_IDENTIFIER = "deah.com.Tests-macOS";
				PRODUCT_NAME = "$(TARGET_NAME)";
				SDKROOT = macosx;
				SWIFT_EMIT_LOC_STRINGS = NO;
				SWIFT_VERSION = 5.0;
				TEST_TARGET_NAME = "CarrilloColeccionDeJuegos (macOS)";
			};
			name = Release;
		};
/* End XCBuildConfiguration section */

/* Begin XCConfigurationList section */
		BAA1A6C42A1527F6004659F0 /* Build configuration list for PBXProject "CarrilloColeccionDeJuegos" */ = {
			isa = XCConfigurationList;
			buildConfigurations = (
				BAA1A6FB2A1527F6004659F0 /* Debug */,
				BAA1A6FC2A1527F6004659F0 /* Release */,
			);
			defaultConfigurationIsVisible = 0;
			defaultConfigurationName = Release;
		};
		BAA1A6FD2A1527F6004659F0 /* Build configuration list for PBXNativeTarget "CarrilloColeccionDeJuegos (iOS)" */ = {
			isa = XCConfigurationList;
			buildConfigurations = (
				BAA1A6FE2A1527F6004659F0 /* Debug */,
				BAA1A6FF2A1527F6004659F0 /* Release */,
			);
			defaultConfigurationIsVisible = 0;
			defaultConfigurationName = Release;
		};
		BAA1A7002A1527F6004659F0 /* Build configuration list for PBXNativeTarget "CarrilloColeccionDeJuegos (macOS)" */ = {
			isa = XCConfigurationList;
			buildConfigurations = (
				BAA1A7012A1527F6004659F0 /* Debug */,
				BAA1A7022A1527F6004659F0 /* Release */,
			);
			defaultConfigurationIsVisible = 0;
			defaultConfigurationName = Release;
		};
		BAA1A7032A1527F6004659F0 /* Build configuration list for PBXNativeTarget "Tests iOS" */ = {
			isa = XCConfigurationList;
			buildConfigurations = (
				BAA1A7042A1527F6004659F0 /* Debug */,
				BAA1A7052A1527F6004659F0 /* Release */,
			);
			defaultConfigurationIsVisible = 0;
			defaultConfigurationName = Release;
		};
		BAA1A7062A1527F6004659F0 /* Build configuration list for PBXNativeTarget "Tests macOS" */ = {
			isa = XCConfigurationList;
			buildConfigurations = (
				BAA1A7072A1527F6004659F0 /* Debug */,
				BAA1A7082A1527F6004659F0 /* Release */,
			);
			defaultConfigurationIsVisible = 0;
			defaultConfigurationName = Release;
		};
/* End XCConfigurationList section */

/* Begin XCVersionGroup section */
		BAA1A6C62A1527F6004659F0 /* CarrilloColeccionDeJuegos.xcdatamodeld */ = {
			isa = XCVersionGroup;
			children = (
				BAA1A6C72A1527F6004659F0 /* Shared.xcdatamodel */,
			);
			currentVersion = BAA1A6C72A1527F6004659F0 /* Shared.xcdatamodel */;
			path = CarrilloColeccionDeJuegos.xcdatamodeld;
			sourceTree = "<group>";
			versionGroupType = wrapper.xcdatamodel;
		};
/* End XCVersionGroup section */
	};
	rootObject = BAA1A6C12A1527F6004659F0 /* Project object */;
}
